
Microsoft Visual Studio Solution File, Format Version 12.00
# Visual Studio 15
Project("{FAE04EC0-301F-11D3-BF4B-00C04F79EFBC}") = "Assembly-CSharp", "Assembly-CSharp.csproj", "{228E2A19-58DE-4B99-7808-8EB4AAFD85D7}"
EndProject
Project("{FAE04EC0-301F-11D3-BF4B-00C04F79EFBC}") = "Assembly-CSharp-Editor", "Assembly-CSharp-Editor.csproj", "{60782932-A388-3A75-E088-266A40740858}"
EndProject
Global
	GlobalSection(SolutionConfigurationPlatforms) = preSolution
		Debug|Any CPU = Debug|Any CPU
		Release|Any CPU = Release|Any CPU
	EndGlobalSection
	GlobalSection(ProjectConfigurationPlatforms) = postSolution
		{228E2A19-58DE-4B99-7808-8EB4AAFD85D7}.Debug|Any CPU.ActiveCfg = Debug|Any CPU
		{228E2A19-58DE-4B99-7808-8EB4AAFD85D7}.Debug|Any CPU.Build.0 = Debug|Any CPU
		{228E2A19-58DE-4B99-7808-8EB4AAFD85D7}.Release|Any CPU.ActiveCfg = Release|Any CPU
		{228E2A19-58DE-4B99-7808-8EB4AAFD85D7}.Release|Any CPU.Build.0 = Release|Any CPU
		{60782932-A388-3A75-E088-266A40740858}.Debug|Any CPU.ActiveCfg = Debug|Any CPU
		{60782932-A388-3A75-E088-266A40740858}.Debug|Any CPU.Build.0 = Debug|Any CPU
		{60782932-A388-3A75-E088-266A40740858}.Release|Any CPU.ActiveCfg = Release|Any CPU
		{60782932-A388-3A75-E088-266A40740858}.Release|Any CPU.Build.0 = Release|Any CPU
	EndGlobalSection
	GlobalSection(SolutionProperties) = preSolution
		HideSolutionNode = FALSE
	EndGlobalSection
EndGlobal
